<?xml version="1.0" encoding="utf-8"?>
<Project ToolsVersion="4.0" xmlns="http://schemas.microsoft.com/developer/msbuild/2003">
  <ItemGroup>
    <Filter Include="Исходные файлы">
      <UniqueIdentifier>{4FC737F1-C7A5-4376-A066-2A32D752A2FF}</UniqueIdentifier>
      <Extensions>cpp;c;cc;cxx;c++;cppm;ixx;def;odl;idl;hpj;bat;asm;asmx</Extensions>
    </Filter>
    <Filter Include="Файлы заголовков">
      <UniqueIdentifier>{93995380-89BD-4b04-88EB-625FBE52EBFB}</UniqueIdentifier>
      <Extensions>h;hh;hpp;hxx;h++;hm;inl;inc;ipp;xsd</Extensions>
    </Filter>
    <Filter Include="Файлы ресурсов">
      <UniqueIdentifier>{67DA6AB6-F800-4c08-8B7A-83BB121AAD01}</UniqueIdentifier>
      <Extensions>rc;ico;cur;bmp;dlg;rc2;rct;bin;rgs;gif;jpg;jpeg;jpe;resx;tiff;tif;png;wav;mfcribbon-ms</Extensions>
    </Filter>
    <Filter Include="Исходные файлы\ImGUI">
      <UniqueIdentifier>{1c9a53dc-7d6e-4ba3-8011-13b6b288291e}</UniqueIdentifier>
    </Filter>
    <Filter Include="Файлы заголовков\ImGui">
      <UniqueIdentifier>{15a5fb9f-a315-461a-9eb0-5f3c2b666e9b}</UniqueIdentifier>
    </Filter>
    <Filter Include="Исходные файлы\FileManager">
      <UniqueIdentifier>{a5d73938-41d6-407b-9e13-0c089b1605fa}</UniqueIdentifier>
    </Filter>
    <Filter Include="Исходные файлы\ManagerTabs">
      <UniqueIdentifier>{fbd99745-5111-43fc-b435-9cf693e613e2}</UniqueIdentifier>
    </Filter>
    <Filter Include="Исходные файлы\DirectXInit">
      <UniqueIdentifier>{c46c25da-14e6-43bd-a3f7-c3570ba1314a}</UniqueIdentifier>
    </Filter>
    <Filter Include="Файлы заголовков\DirectXInit">
      <UniqueIdentifier>{b82313b2-cf0b-4b50-8edd-ef151e692170}</UniqueIdentifier>
    </Filter>
    <Filter Include="Исходные файлы\DragNDrop">
      <UniqueIdentifier>{0f370675-1307-4f5c-b46a-d508c6bd7010}</UniqueIdentifier>
    </Filter>
    <Filter Include="Исходные файлы\ImGUIAdvance">
      <UniqueIdentifier>{182af938-bf74-4241-94c1-c74599428c76}</UniqueIdentifier>
    </Filter>
    <Filter Include="Файлы заголовков\DragNDrop">
      <UniqueIdentifier>{4384339a-abc4-46b8-92a7-47a49ceffbc5}</UniqueIdentifier>
    </Filter>
    <Filter Include="Файлы заголовков\FileManager">
      <UniqueIdentifier>{fc9e693f-f77b-492c-9891-153495669797}</UniqueIdentifier>
    </Filter>
    <Filter Include="Файлы заголовков\ManagerTabs">
      <UniqueIdentifier>{4d7e7e8e-51a0-4459-a8c0-dd723969b5a3}</UniqueIdentifier>
    </Filter>
    <Filter Include="Файлы заголовков\ImGuiAdvanced">
      <UniqueIdentifier>{6598243d-8c47-43c0-bea2-4d3ff8338422}</UniqueIdentifier>
    </Filter>
  </ItemGroup>
  <ItemGroup>
    <ClCompile Include="SoundManager.cpp">
      <Filter>Исходные файлы</Filter>
    </ClCompile>
    <ClCompile Include="ImGui\imgui.cpp">
      <Filter>Исходные файлы\ImGUI</Filter>
    </ClCompile>
    <ClCompile Include="ImGui\imgui_draw.cpp">
      <Filter>Исходные файлы\ImGUI</Filter>
    </ClCompile>
    <ClCompile Include="ImGui\imgui_impl_dx9.cpp">
      <Filter>Исходные файлы\ImGUI</Filter>
    </ClCompile>
    <ClCompile Include="ImGui\imgui_impl_dx10.cpp">
      <Filter>Исходные файлы\ImGUI</Filter>
    </ClCompile>
    <ClCompile Include="ImGui\imgui_impl_dx11.cpp">
      <Filter>Исходные файлы\ImGUI</Filter>
    </ClCompile>
    <ClCompile Include="ImGui\imgui_impl_win32.cpp">
      <Filter>Исходные файлы\ImGUI</Filter>
    </ClCompile>
    <ClCompile Include="ImGui\imgui_tables.cpp">
      <Filter>Исходные файлы\ImGUI</Filter>
    </ClCompile>
    <ClCompile Include="ImGui\imgui_widgets.cpp">
      <Filter>Исходные файлы\ImGUI</Filter>
    </ClCompile>
    <ClCompile Include="DragDropManagers\DragManager.cpp">
      <Filter>Исходные файлы\DragNDrop</Filter>
    </ClCompile>
    <ClCompile Include="DragDropManagers\DropTarget.cpp">
      <Filter>Исходные файлы\DragNDrop</Filter>
    </ClCompile>
    <ClCompile Include="DragDropManagers\IDragGuiTarget.cpp">
      <Filter>Исходные файлы\DragNDrop</Filter>
    </ClCompile>
    <ClCompile Include="DragDropManagers\IDropGuiTarget.cpp">
      <Filter>Исходные файлы\DragNDrop</Filter>
    </ClCompile>
    <ClCompile Include="Tabs\FileHierarchyTab.cpp">
      <Filter>Исходные файлы\ManagerTabs</Filter>
    </ClCompile>
    <ClCompile Include="Tabs\FilesViewerTab.cpp">
      <Filter>Исходные файлы\ManagerTabs</Filter>
    </ClCompile>
    <ClCompile Include="Tabs\SearchTab.cpp">
      <Filter>Исходные файлы\ManagerTabs</Filter>
    </ClCompile>
    <ClCompile Include="Tabs\SoundPlayerTab.cpp">
      <Filter>Исходные файлы\ManagerTabs</Filter>
    </ClCompile>
    <ClCompile Include="Tabs\TabBase.cpp">
      <Filter>Исходные файлы\ManagerTabs</Filter>
    </ClCompile>
    <ClCompile Include="Tabs\TabsLayout.cpp">
      <Filter>Исходные файлы\ManagerTabs</Filter>
    </ClCompile>
    <ClCompile Include="ImGuiAdvanced\GuiItem.cpp">
      <Filter>Исходные файлы\ImGUIAdvance</Filter>
    </ClCompile>
    <ClCompile Include="ImGuiAdvanced\GuiText.cpp">
      <Filter>Исходные файлы\ImGUIAdvance</Filter>
    </ClCompile>
    <ClCompile Include="ImGuiAdvanced\GuiTree.cpp">
      <Filter>Исходные файлы\ImGUIAdvance</Filter>
    </ClCompile>
    <ClCompile Include="ImGuiAdvanced\Input.cpp">
      <Filter>Исходные файлы\ImGUIAdvance</Filter>
    </ClCompile>
    <ClCompile Include="ImGuiAdvanced\ItemPositionCalculator.cpp">
      <Filter>Исходные файлы\ImGUIAdvance</Filter>
    </ClCompile>
    <ClCompile Include="FilesManagement\SoundsDataBase.cpp">
      <Filter>Исходные файлы\FileManager</Filter>
    </ClCompile>
    <ClCompile Include="DirectXInit\DirectX11Init.cpp">
      <Filter>Исходные файлы\DirectXInit</Filter>
    </ClCompile>
    <ClCompile Include="RtAudioPlayer.cpp">
      <Filter>Исходные файлы</Filter>
    </ClCompile>
    <ClCompile Include="SelectedFilesPool.cpp">
      <Filter>Исходные файлы</Filter>
    </ClCompile>
    <ClCompile Include="ImGuiAdvanced\ISelectable.cpp">
      <Filter>Исходные файлы\ImGUIAdvance</Filter>
    </ClCompile>
  </ItemGroup>
  <ItemGroup>
    <ClInclude Include="ImGui\imconfig.h">
      <Filter>Файлы заголовков\ImGui</Filter>
    </ClInclude>
    <ClInclude Include="ImGui\imgui.h">
      <Filter>Файлы заголовков\ImGui</Filter>
    </ClInclude>
    <ClInclude Include="ImGui\imgui_impl_dx9.h">
      <Filter>Файлы заголовков\ImGui</Filter>
    </ClInclude>
    <ClInclude Include="ImGui\imgui_impl_dx10.h">
      <Filter>Файлы заголовков\ImGui</Filter>
    </ClInclude>
    <ClInclude Include="ImGui\imgui_impl_dx11.h">
      <Filter>Файлы заголовков\ImGui</Filter>
    </ClInclude>
    <ClInclude Include="ImGui\imgui_impl_win32.h">
      <Filter>Файлы заголовков\ImGui</Filter>
    </ClInclude>
    <ClInclude Include="ImGui\imgui_internal.h">
      <Filter>Файлы заголовков\ImGui</Filter>
    </ClInclude>
    <ClInclude Include="ImGui\imstb_rectpack.h">
      <Filter>Файлы заголовков\ImGui</Filter>
    </ClInclude>
    <ClInclude Include="ImGui\imstb_textedit.h">
      <Filter>Файлы заголовков\ImGui</Filter>
    </ClInclude>
    <ClInclude Include="ImGui\imstb_truetype.h">
      <Filter>Файлы заголовков\ImGui</Filter>
    </ClInclude>
    <ClInclude Include="Utils.h">
      <Filter>Файлы заголовков</Filter>
    </ClInclude>
    <ClInclude Include="ImGuiAdvanced\GuiItem.h">
      <Filter>Файлы заголовков\ImGuiAdvanced</Filter>
    </ClInclude>
    <ClInclude Include="ImGuiAdvanced\GuiText.h">
      <Filter>Файлы заголовков\ImGuiAdvanced</Filter>
    </ClInclude>
    <ClInclude Include="ImGuiAdvanced\GuiTree.h">
      <Filter>Файлы заголовков\ImGuiAdvanced</Filter>
    </ClInclude>
    <ClInclude Include="ImGuiAdvanced\Input.h">
      <Filter>Файлы заголовков\ImGuiAdvanced</Filter>
    </ClInclude>
    <ClInclude Include="ImGuiAdvanced\ItemPositionCalculator.h">
      <Filter>Файлы заголовков\ImGuiAdvanced</Filter>
    </ClInclude>
    <ClInclude Include="Tabs\FileHierarchyTab.h">
      <Filter>Файлы заголовков\ManagerTabs</Filter>
    </ClInclude>
    <ClInclude Include="Tabs\FilesViewerTab.h">
      <Filter>Файлы заголовков\ManagerTabs</Filter>
    </ClInclude>
    <ClInclude Include="Tabs\SearchTab.h">
      <Filter>Файлы заголовков\ManagerTabs</Filter>
    </ClInclude>
    <ClInclude Include="Tabs\SoundPlayerTab.h">
      <Filter>Файлы заголовков\ManagerTabs</Filter>
    </ClInclude>
    <ClInclude Include="Tabs\TabBase.h">
      <Filter>Файлы заголовков\ManagerTabs</Filter>
    </ClInclude>
    <ClInclude Include="Tabs\TabsLayout.h">
      <Filter>Файлы заголовков\ManagerTabs</Filter>
    </ClInclude>
    <ClInclude Include="FilesManagement\SoundsDataBase.h">
      <Filter>Файлы заголовков\FileManager</Filter>
    </ClInclude>
    <ClInclude Include="DragDropManagers\DragManager.h">
      <Filter>Файлы заголовков\DragNDrop</Filter>
    </ClInclude>
    <ClInclude Include="DragDropManagers\DropTarget.h">
      <Filter>Файлы заголовков\DragNDrop</Filter>
    </ClInclude>
    <ClInclude Include="DragDropManagers\IDragGuiTarget.h">
      <Filter>Файлы заголовков\DragNDrop</Filter>
    </ClInclude>
    <ClInclude Include="DragDropManagers\IDropGuiTarget.h">
      <Filter>Файлы заголовков\DragNDrop</Filter>
    </ClInclude>
    <ClInclude Include="DirectXInit\DirectX11Init.h">
      <Filter>Файлы заголовков\DirectXInit</Filter>
    </ClInclude>
    <ClInclude Include="RtAudioPlayer.h">
      <Filter>Файлы заголовков</Filter>
    </ClInclude>
    <ClInclude Include="SelectedFilesPool.h">
      <Filter>Файлы заголовков\ImGuiAdvanced</Filter>
    </ClInclude>
    <ClInclude Include="ImGuiAdvanced\ISelectable.h">
      <Filter>Файлы заголовков\ImGuiAdvanced</Filter>
    </ClInclude>
  </ItemGroup>
</Project>