<?xml version="1.0" encoding="utf-8"?>
<Project ToolsVersion="4.0" xmlns="http://schemas.microsoft.com/developer/msbuild/2003">
  <ItemGroup>
    <Filter Include="Исходные файлы">
      <UniqueIdentifier>{4FC737F1-C7A5-4376-A066-2A32D752A2FF}</UniqueIdentifier>
      <Extensions>cpp;c;cc;cxx;c++;cppm;ixx;def;odl;idl;hpj;bat;asm;asmx</Extensions>
    </Filter>
    <Filter Include="Файлы заголовков">
      <UniqueIdentifier>{93995380-89BD-4b04-88EB-625FBE52EBFB}</UniqueIdentifier>
      <Extensions>h;hh;hpp;hxx;h++;hm;inl;inc;ipp;xsd</Extensions>
    </Filter>
    <Filter Include="Файлы ресурсов">
      <UniqueIdentifier>{67DA6AB6-F800-4c08-8B7A-83BB121AAD01}</UniqueIdentifier>
      <Extensions>rc;ico;cur;bmp;dlg;rc2;rct;bin;rgs;gif;jpg;jpeg;jpe;resx;tiff;tif;png;wav;mfcribbon-ms</Extensions>
    </Filter>
    <Filter Include="Исходные файлы\ImGUI">
      <UniqueIdentifier>{1c9a53dc-7d6e-4ba3-8011-13b6b288291e}</UniqueIdentifier>
    </Filter>
    <Filter Include="Файлы заголовков\ImGui">
      <UniqueIdentifier>{15a5fb9f-a315-461a-9eb0-5f3c2b666e9b}</UniqueIdentifier>
    </Filter>
    <Filter Include="Исходные файлы\FileManager">
      <UniqueIdentifier>{a5d73938-41d6-407b-9e13-0c089b1605fa}</UniqueIdentifier>
    </Filter>
    <Filter Include="Исходные файлы\ManagerTabs">
      <UniqueIdentifier>{fbd99745-5111-43fc-b435-9cf693e613e2}</UniqueIdentifier>
    </Filter>
    <Filter Include="Исходные файлы\DirectXInit">
      <UniqueIdentifier>{c46c25da-14e6-43bd-a3f7-c3570ba1314a}</UniqueIdentifier>
    </Filter>
    <Filter Include="Файлы заголовков\DirectXInit">
      <UniqueIdentifier>{b82313b2-cf0b-4b50-8edd-ef151e692170}</UniqueIdentifier>
    </Filter>
    <Filter Include="Исходные файлы\DragNDrop">
      <UniqueIdentifier>{0f370675-1307-4f5c-b46a-d508c6bd7010}</UniqueIdentifier>
    </Filter>
    <Filter Include="Исходные файлы\ImGUIAdvance">
      <UniqueIdentifier>{182af938-bf74-4241-94c1-c74599428c76}</UniqueIdentifier>
    </Filter>
    <Filter Include="Файлы заголовков\DragNDrop">
      <UniqueIdentifier>{4384339a-abc4-46b8-92a7-47a49ceffbc5}</UniqueIdentifier>
    </Filter>
    <Filter Include="Файлы заголовков\FileManager">
      <UniqueIdentifier>{fc9e693f-f77b-492c-9891-153495669797}</UniqueIdentifier>
    </Filter>
    <Filter Include="Файлы заголовков\ManagerTabs">
      <UniqueIdentifier>{4d7e7e8e-51a0-4459-a8c0-dd723969b5a3}</UniqueIdentifier>
    </Filter>
    <Filter Include="Файлы заголовков\ImGuiAdvanced">
      <UniqueIdentifier>{6598243d-8c47-43c0-bea2-4d3ff8338422}</UniqueIdentifier>
    </Filter>
    <Filter Include="src">
      <UniqueIdentifier>{eae0e840-82b4-41cc-8bb4-07329ff86196}</UniqueIdentifier>
    </Filter>
    <Filter Include="src\speech">
      <UniqueIdentifier>{28fa5e2a-0861-43c6-a9d8-320691595f39}</UniqueIdentifier>
    </Filter>
    <Filter Include="src\wav">
      <UniqueIdentifier>{560eeb51-f1b0-4ba6-802a-1a393221cd49}</UniqueIdentifier>
    </Filter>
    <Filter Include="src\core">
      <UniqueIdentifier>{95cc83bc-b9d7-4a1b-b6dc-87c0cf430280}</UniqueIdentifier>
    </Filter>
    <Filter Include="src\backend">
      <UniqueIdentifier>{39da08f8-3e9a-4d98-afd3-c2e3253951db}</UniqueIdentifier>
    </Filter>
    <Filter Include="src\openmpt">
      <UniqueIdentifier>{d54ec46f-6aef-499e-ad14-9bb48741a324}</UniqueIdentifier>
    </Filter>
    <Filter Include="src\headers">
      <UniqueIdentifier>{783f8cbc-31a6-492d-8296-b1ed9968afcc}</UniqueIdentifier>
    </Filter>
  </ItemGroup>
  <ItemGroup>
    <ClCompile Include="SoundManager.cpp">
      <Filter>Исходные файлы</Filter>
    </ClCompile>
    <ClCompile Include="ImGui\imgui.cpp">
      <Filter>Исходные файлы\ImGUI</Filter>
    </ClCompile>
    <ClCompile Include="ImGui\imgui_draw.cpp">
      <Filter>Исходные файлы\ImGUI</Filter>
    </ClCompile>
    <ClCompile Include="ImGui\imgui_impl_dx9.cpp">
      <Filter>Исходные файлы\ImGUI</Filter>
    </ClCompile>
    <ClCompile Include="ImGui\imgui_impl_dx10.cpp">
      <Filter>Исходные файлы\ImGUI</Filter>
    </ClCompile>
    <ClCompile Include="ImGui\imgui_impl_dx11.cpp">
      <Filter>Исходные файлы\ImGUI</Filter>
    </ClCompile>
    <ClCompile Include="ImGui\imgui_impl_win32.cpp">
      <Filter>Исходные файлы\ImGUI</Filter>
    </ClCompile>
    <ClCompile Include="ImGui\imgui_tables.cpp">
      <Filter>Исходные файлы\ImGUI</Filter>
    </ClCompile>
    <ClCompile Include="ImGui\imgui_widgets.cpp">
      <Filter>Исходные файлы\ImGUI</Filter>
    </ClCompile>
    <ClCompile Include="DragDropManagers\DragManager.cpp">
      <Filter>Исходные файлы\DragNDrop</Filter>
    </ClCompile>
    <ClCompile Include="DragDropManagers\DropTarget.cpp">
      <Filter>Исходные файлы\DragNDrop</Filter>
    </ClCompile>
    <ClCompile Include="DragDropManagers\IDragGuiTarget.cpp">
      <Filter>Исходные файлы\DragNDrop</Filter>
    </ClCompile>
    <ClCompile Include="DragDropManagers\IDropGuiTarget.cpp">
      <Filter>Исходные файлы\DragNDrop</Filter>
    </ClCompile>
    <ClCompile Include="Tabs\FileHierarchyTab.cpp">
      <Filter>Исходные файлы\ManagerTabs</Filter>
    </ClCompile>
    <ClCompile Include="Tabs\FilesViewerTab.cpp">
      <Filter>Исходные файлы\ManagerTabs</Filter>
    </ClCompile>
    <ClCompile Include="Tabs\SearchTab.cpp">
      <Filter>Исходные файлы\ManagerTabs</Filter>
    </ClCompile>
    <ClCompile Include="Tabs\SoundPlayerTab.cpp">
      <Filter>Исходные файлы\ManagerTabs</Filter>
    </ClCompile>
    <ClCompile Include="Tabs\TabBase.cpp">
      <Filter>Исходные файлы\ManagerTabs</Filter>
    </ClCompile>
    <ClCompile Include="Tabs\TabsLayout.cpp">
      <Filter>Исходные файлы\ManagerTabs</Filter>
    </ClCompile>
    <ClCompile Include="ImGuiAdvanced\GuiItem.cpp">
      <Filter>Исходные файлы\ImGUIAdvance</Filter>
    </ClCompile>
    <ClCompile Include="ImGuiAdvanced\GuiText.cpp">
      <Filter>Исходные файлы\ImGUIAdvance</Filter>
    </ClCompile>
    <ClCompile Include="ImGuiAdvanced\GuiTree.cpp">
      <Filter>Исходные файлы\ImGUIAdvance</Filter>
    </ClCompile>
    <ClCompile Include="ImGuiAdvanced\Input.cpp">
      <Filter>Исходные файлы\ImGUIAdvance</Filter>
    </ClCompile>
    <ClCompile Include="ImGuiAdvanced\ItemPositionCalculator.cpp">
      <Filter>Исходные файлы\ImGUIAdvance</Filter>
    </ClCompile>
    <ClCompile Include="FilesManagement\SoundsDataBase.cpp">
      <Filter>Исходные файлы\FileManager</Filter>
    </ClCompile>
    <ClCompile Include="DirectXInit\DirectX11Init.cpp">
      <Filter>Исходные файлы\DirectXInit</Filter>
    </ClCompile>
    <ClCompile Include="RtAudioPlayer.cpp">
      <Filter>Исходные файлы</Filter>
    </ClCompile>
    <ClCompile Include="SelectedFilesPool.cpp">
      <Filter>Исходные файлы</Filter>
    </ClCompile>
    <ClCompile Include="ImGuiAdvanced\ISelectable.cpp">
      <Filter>Исходные файлы\ImGUIAdvance</Filter>
    </ClCompile>
    <ClCompile Include="src\audiosource\speech\darray.cpp">
      <Filter>src\speech</Filter>
    </ClCompile>
    <ClCompile Include="src\audiosource\speech\klatt.cpp">
      <Filter>src\speech</Filter>
    </ClCompile>
    <ClCompile Include="src\audiosource\speech\resonator.cpp">
      <Filter>src\speech</Filter>
    </ClCompile>
    <ClCompile Include="src\audiosource\speech\soloud_speech.cpp">
      <Filter>src\speech</Filter>
    </ClCompile>
    <ClCompile Include="src\audiosource\speech\tts.cpp">
      <Filter>src\speech</Filter>
    </ClCompile>
    <ClCompile Include="src\audiosource\wav\dr_impl.cpp">
      <Filter>src\wav</Filter>
    </ClCompile>
    <ClCompile Include="src\audiosource\wav\soloud_wav.cpp">
      <Filter>src\wav</Filter>
    </ClCompile>
    <ClCompile Include="src\audiosource\wav\soloud_wavstream.cpp">
      <Filter>src\wav</Filter>
    </ClCompile>
    <ClCompile Include="src\audiosource\wav\stb_vorbis.c">
      <Filter>src\wav</Filter>
    </ClCompile>
    <ClCompile Include="src\core\soloud.cpp">
      <Filter>src\core</Filter>
    </ClCompile>
    <ClCompile Include="src\core\soloud_audiosource.cpp">
      <Filter>src\core</Filter>
    </ClCompile>
    <ClCompile Include="src\core\soloud_bus.cpp">
      <Filter>src\core</Filter>
    </ClCompile>
    <ClCompile Include="src\core\soloud_core_3d.cpp">
      <Filter>src\core</Filter>
    </ClCompile>
    <ClCompile Include="src\core\soloud_core_basicops.cpp">
      <Filter>src\core</Filter>
    </ClCompile>
    <ClCompile Include="src\core\soloud_core_faderops.cpp">
      <Filter>src\core</Filter>
    </ClCompile>
    <ClCompile Include="src\core\soloud_core_filterops.cpp">
      <Filter>src\core</Filter>
    </ClCompile>
    <ClCompile Include="src\core\soloud_core_getters.cpp">
      <Filter>src\core</Filter>
    </ClCompile>
    <ClCompile Include="src\core\soloud_core_setters.cpp">
      <Filter>src\core</Filter>
    </ClCompile>
    <ClCompile Include="src\core\soloud_core_voicegroup.cpp">
      <Filter>src\core</Filter>
    </ClCompile>
    <ClCompile Include="src\core\soloud_core_voiceops.cpp">
      <Filter>src\core</Filter>
    </ClCompile>
    <ClCompile Include="src\core\soloud_fader.cpp">
      <Filter>src\core</Filter>
    </ClCompile>
    <ClCompile Include="src\core\soloud_fft.cpp">
      <Filter>src\core</Filter>
    </ClCompile>
    <ClCompile Include="src\core\soloud_fft_lut.cpp">
      <Filter>src\core</Filter>
    </ClCompile>
    <ClCompile Include="src\core\soloud_file.cpp">
      <Filter>src\core</Filter>
    </ClCompile>
    <ClCompile Include="src\core\soloud_filter.cpp">
      <Filter>src\core</Filter>
    </ClCompile>
    <ClCompile Include="src\core\soloud_misc.cpp">
      <Filter>src\core</Filter>
    </ClCompile>
    <ClCompile Include="src\core\soloud_queue.cpp">
      <Filter>src\core</Filter>
    </ClCompile>
    <ClCompile Include="src\core\soloud_thread.cpp">
      <Filter>src\core</Filter>
    </ClCompile>
    <ClCompile Include="src\audiosource\openmpt\soloud_openmpt.cpp">
      <Filter>src\openmpt</Filter>
    </ClCompile>
    <ClCompile Include="src\audiosource\openmpt\soloud_openmpt_dll.c">
      <Filter>src\openmpt</Filter>
    </ClCompile>
    <ClCompile Include="src\backend\winmm\soloud_winmm.cpp">
      <Filter>src\backend</Filter>
    </ClCompile>
    <ClCompile Include="ImGui\implot.cpp">
      <Filter>Исходные файлы\ImGUI</Filter>
    </ClCompile>
    <ClCompile Include="ImGui\implot_items.cpp">
      <Filter>Исходные файлы\ImGUI</Filter>
    </ClCompile>
  </ItemGroup>
  <ItemGroup>
    <ClInclude Include="ImGui\imconfig.h">
      <Filter>Файлы заголовков\ImGui</Filter>
    </ClInclude>
    <ClInclude Include="ImGui\imgui.h">
      <Filter>Файлы заголовков\ImGui</Filter>
    </ClInclude>
    <ClInclude Include="ImGui\imgui_impl_dx9.h">
      <Filter>Файлы заголовков\ImGui</Filter>
    </ClInclude>
    <ClInclude Include="ImGui\imgui_impl_dx10.h">
      <Filter>Файлы заголовков\ImGui</Filter>
    </ClInclude>
    <ClInclude Include="ImGui\imgui_impl_dx11.h">
      <Filter>Файлы заголовков\ImGui</Filter>
    </ClInclude>
    <ClInclude Include="ImGui\imgui_impl_win32.h">
      <Filter>Файлы заголовков\ImGui</Filter>
    </ClInclude>
    <ClInclude Include="ImGui\imgui_internal.h">
      <Filter>Файлы заголовков\ImGui</Filter>
    </ClInclude>
    <ClInclude Include="ImGui\imstb_rectpack.h">
      <Filter>Файлы заголовков\ImGui</Filter>
    </ClInclude>
    <ClInclude Include="ImGui\imstb_textedit.h">
      <Filter>Файлы заголовков\ImGui</Filter>
    </ClInclude>
    <ClInclude Include="ImGui\imstb_truetype.h">
      <Filter>Файлы заголовков\ImGui</Filter>
    </ClInclude>
    <ClInclude Include="Utils.h">
      <Filter>Файлы заголовков</Filter>
    </ClInclude>
    <ClInclude Include="ImGuiAdvanced\GuiItem.h">
      <Filter>Файлы заголовков\ImGuiAdvanced</Filter>
    </ClInclude>
    <ClInclude Include="ImGuiAdvanced\GuiText.h">
      <Filter>Файлы заголовков\ImGuiAdvanced</Filter>
    </ClInclude>
    <ClInclude Include="ImGuiAdvanced\GuiTree.h">
      <Filter>Файлы заголовков\ImGuiAdvanced</Filter>
    </ClInclude>
    <ClInclude Include="ImGuiAdvanced\Input.h">
      <Filter>Файлы заголовков\ImGuiAdvanced</Filter>
    </ClInclude>
    <ClInclude Include="ImGuiAdvanced\ItemPositionCalculator.h">
      <Filter>Файлы заголовков\ImGuiAdvanced</Filter>
    </ClInclude>
    <ClInclude Include="Tabs\FileHierarchyTab.h">
      <Filter>Файлы заголовков\ManagerTabs</Filter>
    </ClInclude>
    <ClInclude Include="Tabs\FilesViewerTab.h">
      <Filter>Файлы заголовков\ManagerTabs</Filter>
    </ClInclude>
    <ClInclude Include="Tabs\SearchTab.h">
      <Filter>Файлы заголовков\ManagerTabs</Filter>
    </ClInclude>
    <ClInclude Include="Tabs\SoundPlayerTab.h">
      <Filter>Файлы заголовков\ManagerTabs</Filter>
    </ClInclude>
    <ClInclude Include="Tabs\TabBase.h">
      <Filter>Файлы заголовков\ManagerTabs</Filter>
    </ClInclude>
    <ClInclude Include="Tabs\TabsLayout.h">
      <Filter>Файлы заголовков\ManagerTabs</Filter>
    </ClInclude>
    <ClInclude Include="FilesManagement\SoundsDataBase.h">
      <Filter>Файлы заголовков\FileManager</Filter>
    </ClInclude>
    <ClInclude Include="DragDropManagers\DragManager.h">
      <Filter>Файлы заголовков\DragNDrop</Filter>
    </ClInclude>
    <ClInclude Include="DragDropManagers\DropTarget.h">
      <Filter>Файлы заголовков\DragNDrop</Filter>
    </ClInclude>
    <ClInclude Include="DragDropManagers\IDragGuiTarget.h">
      <Filter>Файлы заголовков\DragNDrop</Filter>
    </ClInclude>
    <ClInclude Include="DragDropManagers\IDropGuiTarget.h">
      <Filter>Файлы заголовков\DragNDrop</Filter>
    </ClInclude>
    <ClInclude Include="DirectXInit\DirectX11Init.h">
      <Filter>Файлы заголовков\DirectXInit</Filter>
    </ClInclude>
    <ClInclude Include="RtAudioPlayer.h">
      <Filter>Файлы заголовков</Filter>
    </ClInclude>
    <ClInclude Include="SelectedFilesPool.h">
      <Filter>Файлы заголовков\ImGuiAdvanced</Filter>
    </ClInclude>
    <ClInclude Include="ImGuiAdvanced\ISelectable.h">
      <Filter>Файлы заголовков\ImGuiAdvanced</Filter>
    </ClInclude>
    <ClInclude Include="src\audiosource\speech\darray.h">
      <Filter>src\speech</Filter>
    </ClInclude>
    <ClInclude Include="src\audiosource\speech\klatt.h">
      <Filter>src\speech</Filter>
    </ClInclude>
    <ClInclude Include="src\audiosource\speech\resonator.h">
      <Filter>src\speech</Filter>
    </ClInclude>
    <ClInclude Include="src\audiosource\speech\tts.h">
      <Filter>src\speech</Filter>
    </ClInclude>
    <ClInclude Include="src\audiosource\wav\dr_flac.h">
      <Filter>src\wav</Filter>
    </ClInclude>
    <ClInclude Include="src\audiosource\wav\dr_mp3.h">
      <Filter>src\wav</Filter>
    </ClInclude>
    <ClInclude Include="src\audiosource\wav\dr_wav.h">
      <Filter>src\wav</Filter>
    </ClInclude>
    <ClInclude Include="src\audiosource\wav\stb_vorbis.h">
      <Filter>src\wav</Filter>
    </ClInclude>
    <ClInclude Include="include\soloud.h">
      <Filter>src\headers</Filter>
    </ClInclude>
    <ClInclude Include="include\soloud_audiosource.h">
      <Filter>src\headers</Filter>
    </ClInclude>
    <ClInclude Include="include\soloud_ay.h">
      <Filter>src\headers</Filter>
    </ClInclude>
    <ClInclude Include="include\soloud_bassboostfilter.h">
      <Filter>src\headers</Filter>
    </ClInclude>
    <ClInclude Include="include\soloud_biquadresonantfilter.h">
      <Filter>src\headers</Filter>
    </ClInclude>
    <ClInclude Include="include\soloud_bus.h">
      <Filter>src\headers</Filter>
    </ClInclude>
    <ClInclude Include="include\soloud_c.h">
      <Filter>src\headers</Filter>
    </ClInclude>
    <ClInclude Include="include\soloud_dcremovalfilter.h">
      <Filter>src\headers</Filter>
    </ClInclude>
    <ClInclude Include="include\soloud_echofilter.h">
      <Filter>src\headers</Filter>
    </ClInclude>
    <ClInclude Include="include\soloud_eqfilter.h">
      <Filter>src\headers</Filter>
    </ClInclude>
    <ClInclude Include="include\soloud_error.h">
      <Filter>src\headers</Filter>
    </ClInclude>
    <ClInclude Include="include\soloud_fader.h">
      <Filter>src\headers</Filter>
    </ClInclude>
    <ClInclude Include="include\soloud_fft.h">
      <Filter>src\headers</Filter>
    </ClInclude>
    <ClInclude Include="include\soloud_fftfilter.h">
      <Filter>src\headers</Filter>
    </ClInclude>
    <ClInclude Include="include\soloud_file.h">
      <Filter>src\headers</Filter>
    </ClInclude>
    <ClInclude Include="include\soloud_file_hack_off.h">
      <Filter>src\headers</Filter>
    </ClInclude>
    <ClInclude Include="include\soloud_file_hack_on.h">
      <Filter>src\headers</Filter>
    </ClInclude>
    <ClInclude Include="include\soloud_filter.h">
      <Filter>src\headers</Filter>
    </ClInclude>
    <ClInclude Include="include\soloud_flangerfilter.h">
      <Filter>src\headers</Filter>
    </ClInclude>
    <ClInclude Include="include\soloud_freeverbfilter.h">
      <Filter>src\headers</Filter>
    </ClInclude>
    <ClInclude Include="include\soloud_internal.h">
      <Filter>src\headers</Filter>
    </ClInclude>
    <ClInclude Include="include\soloud_lofifilter.h">
      <Filter>src\headers</Filter>
    </ClInclude>
    <ClInclude Include="include\soloud_misc.h">
      <Filter>src\headers</Filter>
    </ClInclude>
    <ClInclude Include="include\soloud_monotone.h">
      <Filter>src\headers</Filter>
    </ClInclude>
    <ClInclude Include="include\soloud_noise.h">
      <Filter>src\headers</Filter>
    </ClInclude>
    <ClInclude Include="include\soloud_openmpt.h">
      <Filter>src\headers</Filter>
    </ClInclude>
    <ClInclude Include="include\soloud_queue.h">
      <Filter>src\headers</Filter>
    </ClInclude>
    <ClInclude Include="include\soloud_robotizefilter.h">
      <Filter>src\headers</Filter>
    </ClInclude>
    <ClInclude Include="include\soloud_sfxr.h">
      <Filter>src\headers</Filter>
    </ClInclude>
    <ClInclude Include="include\soloud_speech.h">
      <Filter>src\headers</Filter>
    </ClInclude>
    <ClInclude Include="include\soloud_tedsid.h">
      <Filter>src\headers</Filter>
    </ClInclude>
    <ClInclude Include="include\soloud_thread.h">
      <Filter>src\headers</Filter>
    </ClInclude>
    <ClInclude Include="include\soloud_vic.h">
      <Filter>src\headers</Filter>
    </ClInclude>
    <ClInclude Include="include\soloud_vizsn.h">
      <Filter>src\headers</Filter>
    </ClInclude>
    <ClInclude Include="include\soloud_wav.h">
      <Filter>src\headers</Filter>
    </ClInclude>
    <ClInclude Include="include\soloud_waveshaperfilter.h">
      <Filter>src\headers</Filter>
    </ClInclude>
    <ClInclude Include="include\soloud_wavstream.h">
      <Filter>src\headers</Filter>
    </ClInclude>
    <ClInclude Include="include\zx7decompress.h">
      <Filter>src\headers</Filter>
    </ClInclude>
    <ClInclude Include="ImGui\implot.h">
      <Filter>Файлы заголовков\ImGui</Filter>
    </ClInclude>
    <ClInclude Include="ImGui\implot_internal.h">
      <Filter>Файлы заголовков\ImGui</Filter>
    </ClInclude>
  </ItemGroup>
  <ItemGroup>
    <None Include="src\audiosource\speech\Elements.def">
      <Filter>src\speech</Filter>
    </None>
  </ItemGroup>
  <ItemGroup>
    <Text Include="src\audiosource\speech\legal_readme.txt">
      <Filter>src\speech</Filter>
    </Text>
  </ItemGroup>
</Project>